{
  "name": "todo-list",
  "version": "0.1.0",
  "lockfileVersion": 1,
  "requires": true,
  "dependencies": {
    "@types/react": {
      "version": "16.4.2",
      "resolved": "https://registry.npmjs.org/@types/react/-/react-16.4.2.tgz",
      "integrity": "sha512-oVcVteCDNiVc/fkDjowRfAZQDEOR76j3CJ3FvwXNvfV6zJguhghy1lMgpAzYox+9AZsWch+JPV6Imml3wvIUeg==",
      "dev": true,
      "requires": {
        "csstype": "2.5.5"
      }
    },
    "csstype": {
      "version": "2.5.5",
      "resolved": "https://registry.npmjs.org/csstype/-/csstype-2.5.5.tgz",
      "integrity": "sha512-EGMjeoiN3aqEX5u/cyH5mSdGBDGdLcCQvcEcBWNGFSPXKd9uOTIeVG91YQ22OxI44DKpvI+4C7VUSmEpsHWJaA==",
      "dev": true
    }
  }
}
